// !$*UTF8*$!
{
	archiveVersion = 1;
	classes = {
	};
	objectVersion = 50;
	objects = {

/* Begin PBXBuildFile section */
		CC0877E5258283D200BA2B4D /* Trip+CoreDataClass.swift in Sources */ = {isa = PBXBuildFile; fileRef = CC0877E4258283D200BA2B4D /* Trip+CoreDataClass.swift */; };
		CC0877EA258290D700BA2B4D /* Posts.swift in Sources */ = {isa = PBXBuildFile; fileRef = CC0877E9258290D700BA2B4D /* Posts.swift */; };
		CC0877ED258290ED00BA2B4D /* NewPost.swift in Sources */ = {isa = PBXBuildFile; fileRef = CC0877EC258290ED00BA2B4D /* NewPost.swift */; };
		CC2B0DDA258282FD004B11C3 /* Trip+CoreDataProperties.swift in Sources */ = {isa = PBXBuildFile; fileRef = CC2B0DD9258282FD004B11C3 /* Trip+CoreDataProperties.swift */; };
		CC3D0BAD2581A1100044828C /* Trips.swift in Sources */ = {isa = PBXBuildFile; fileRef = CC3D0BAC2581A1100044828C /* Trips.swift */; };
		CC3D0BB42581A4030044828C /* NewTrip.swift in Sources */ = {isa = PBXBuildFile; fileRef = CC3D0BB32581A4030044828C /* NewTrip.swift */; };
		CC77360625757A7100BF0D14 /* AppDelegate.swift in Sources */ = {isa = PBXBuildFile; fileRef = CC77360525757A7100BF0D14 /* AppDelegate.swift */; };
		CC77360825757A7100BF0D14 /* SceneDelegate.swift in Sources */ = {isa = PBXBuildFile; fileRef = CC77360725757A7100BF0D14 /* SceneDelegate.swift */; };
		CC77360D25757A7100BF0D14 /* Main.storyboard in Resources */ = {isa = PBXBuildFile; fileRef = CC77360B25757A7100BF0D14 /* Main.storyboard */; };
		CC77361025757A7100BF0D14 /* Travelogue.xcdatamodeld in Sources */ = {isa = PBXBuildFile; fileRef = CC77360E25757A7100BF0D14 /* Travelogue.xcdatamodeld */; };
		CC77361225757A7500BF0D14 /* Assets.xcassets in Resources */ = {isa = PBXBuildFile; fileRef = CC77361125757A7500BF0D14 /* Assets.xcassets */; };
		CC77361525757A7500BF0D14 /* LaunchScreen.storyboard in Resources */ = {isa = PBXBuildFile; fileRef = CC77361325757A7500BF0D14 /* LaunchScreen.storyboard */; };
		CC94D9472584127E00DA0595 /* PostDetail.swift in Sources */ = {isa = PBXBuildFile; fileRef = CC94D9462584127E00DA0595 /* PostDetail.swift */; };
		CCA1B750257F290E001DD1B7 /* Media+CoreDataClass.swift in Sources */ = {isa = PBXBuildFile; fileRef = CCA1B74A257F290E001DD1B7 /* Media+CoreDataClass.swift */; };
		CCA1B751257F290E001DD1B7 /* Media+CoreDataProperties.swift in Sources */ = {isa = PBXBuildFile; fileRef = CCA1B74B257F290E001DD1B7 /* Media+CoreDataProperties.swift */; };
		CCA1B752257F290E001DD1B7 /* Post+CoreDataClass.swift in Sources */ = {isa = PBXBuildFile; fileRef = CCA1B74C257F290E001DD1B7 /* Post+CoreDataClass.swift */; };
		CCA1B753257F290E001DD1B7 /* Post+CoreDataProperties.swift in Sources */ = {isa = PBXBuildFile; fileRef = CCA1B74D257F290E001DD1B7 /* Post+CoreDataProperties.swift */; };
		CCA994D32583E8E000589569 /* PostsTable.swift in Sources */ = {isa = PBXBuildFile; fileRef = CCA994D22583E8E000589569 /* PostsTable.swift */; };
/* End PBXBuildFile section */

/* Begin PBXFileReference section */
		CC0877E4258283D200BA2B4D /* Trip+CoreDataClass.swift */ = {isa = PBXFileReference; fileEncoding = 4; lastKnownFileType = sourcecode.swift; path = "Trip+CoreDataClass.swift"; sourceTree = "<group>"; };
		CC0877E9258290D700BA2B4D /* Posts.swift */ = {isa = PBXFileReference; lastKnownFileType = sourcecode.swift; path = Posts.swift; sourceTree = "<group>"; };
		CC0877EC258290ED00BA2B4D /* NewPost.swift */ = {isa = PBXFileReference; lastKnownFileType = sourcecode.swift; path = NewPost.swift; sourceTree = "<group>"; };
		CC2B0DD9258282FD004B11C3 /* Trip+CoreDataProperties.swift */ = {isa = PBXFileReference; lastKnownFileType = sourcecode.swift; path = "Trip+CoreDataProperties.swift"; sourceTree = "<group>"; };
		CC3D0BAC2581A1100044828C /* Trips.swift */ = {isa = PBXFileReference; lastKnownFileType = sourcecode.swift; path = Trips.swift; sourceTree = "<group>"; };
		CC3D0BB32581A4030044828C /* NewTrip.swift */ = {isa = PBXFileReference; lastKnownFileType = sourcecode.swift; path = NewTrip.swift; sourceTree = "<group>"; };
		CC77360225757A7100BF0D14 /* Travelogue.app */ = {isa = PBXFileReference; explicitFileType = wrapper.application; includeInIndex = 0; path = Travelogue.app; sourceTree = BUILT_PRODUCTS_DIR; };
		CC77360525757A7100BF0D14 /* AppDelegate.swift */ = {isa = PBXFileReference; lastKnownFileType = sourcecode.swift; path = AppDelegate.swift; sourceTree = "<group>"; };
		CC77360725757A7100BF0D14 /* SceneDelegate.swift */ = {isa = PBXFileReference; lastKnownFileType = sourcecode.swift; path = SceneDelegate.swift; sourceTree = "<group>"; };
		CC77360C25757A7100BF0D14 /* Base */ = {isa = PBXFileReference; lastKnownFileType = file.storyboard; name = Base; path = Base.lproj/Main.storyboard; sourceTree = "<group>"; };
		CC77360F25757A7100BF0D14 /* Travelogue.xcdatamodel */ = {isa = PBXFileReference; lastKnownFileType = wrapper.xcdatamodel; path = Travelogue.xcdatamodel; sourceTree = "<group>"; };
		CC77361125757A7500BF0D14 /* Assets.xcassets */ = {isa = PBXFileReference; lastKnownFileType = folder.assetcatalog; path = Assets.xcassets; sourceTree = "<group>"; };
		CC77361425757A7500BF0D14 /* Base */ = {isa = PBXFileReference; lastKnownFileType = file.storyboard; name = Base; path = Base.lproj/LaunchScreen.storyboard; sourceTree = "<group>"; };
		CC94D9242583EE2C00DA0595 /* Post+CoreDataProperties.swift */ = {isa = PBXFileReference; lastKnownFileType = sourcecode.swift; path = "Post+CoreDataProperties.swift"; sourceTree = "<group>"; };
		CC94D9462584127E00DA0595 /* PostDetail.swift */ = {isa = PBXFileReference; lastKnownFileType = sourcecode.swift; path = PostDetail.swift; sourceTree = "<group>"; };
		CCA1B74A257F290E001DD1B7 /* Media+CoreDataClass.swift */ = {isa = PBXFileReference; lastKnownFileType = sourcecode.swift; path = "Media+CoreDataClass.swift"; sourceTree = "<group>"; };
		CCA1B74B257F290E001DD1B7 /* Media+CoreDataProperties.swift */ = {isa = PBXFileReference; lastKnownFileType = sourcecode.swift; path = "Media+CoreDataProperties.swift"; sourceTree = "<group>"; };
		CCA1B74C257F290E001DD1B7 /* Post+CoreDataClass.swift */ = {isa = PBXFileReference; lastKnownFileType = sourcecode.swift; path = "Post+CoreDataClass.swift"; sourceTree = "<group>"; };
		CCA1B74D257F290E001DD1B7 /* Post+CoreDataProperties.swift */ = {isa = PBXFileReference; lastKnownFileType = sourcecode.swift; path = "Post+CoreDataProperties.swift"; sourceTree = "<group>"; };
		CCA994D22583E8E000589569 /* PostsTable.swift */ = {isa = PBXFileReference; lastKnownFileType = sourcecode.swift; path = PostsTable.swift; sourceTree = "<group>"; };
		CCACED2325827A9700F0FE9A /* Info.plist */ = {isa = PBXFileReference; fileEncoding = 4; lastKnownFileType = text.plist.xml; path = Info.plist; sourceTree = "<group>"; };
/* End PBXFileReference section */

/* Begin PBXFrameworksBuildPhase section */
		CC7735FF25757A7100BF0D14 /* Frameworks */ = {
			isa = PBXFrameworksBuildPhase;
			buildActionMask = 2147483647;
			files = (
			);
			runOnlyForDeploymentPostprocessing = 0;
		};
/* End PBXFrameworksBuildPhase section */

/* Begin PBXGroup section */
		CC0877F12582989200BA2B4D /* Post */ = {
			isa = PBXGroup;
			children = (
				CC0877EC258290ED00BA2B4D /* NewPost.swift */,
				CC0877E9258290D700BA2B4D /* Posts.swift */,
				CCA994D22583E8E000589569 /* PostsTable.swift */,
				CC94D9462584127E00DA0595 /* PostDetail.swift */,
			);
			path = Post;
			sourceTree = "<group>";
		};
		CC0877F22582989A00BA2B4D /* Trip */ = {
			isa = PBXGroup;
			children = (
				CC3D0BB32581A4030044828C /* NewTrip.swift */,
				CC3D0BAC2581A1100044828C /* Trips.swift */,
			);
			path = Trip;
			sourceTree = "<group>";
		};
		CC3D0BAB2581A0D40044828C /* Controllers */ = {
			isa = PBXGroup;
			children = (
				CC0877F12582989200BA2B4D /* Post */,
				CC0877F22582989A00BA2B4D /* Trip */,
			);
			path = Controllers;
			sourceTree = "<group>";
		};
		CC3D0BB02581A11D0044828C /* Models */ = {
			isa = PBXGroup;
			children = (
				CCA1B74A257F290E001DD1B7 /* Media+CoreDataClass.swift */,
				CCA1B74B257F290E001DD1B7 /* Media+CoreDataProperties.swift */,
				CCA1B74C257F290E001DD1B7 /* Post+CoreDataClass.swift */,
				CC94D9242583EE2C00DA0595 /* Post+CoreDataProperties.swift */,
				CCA1B74D257F290E001DD1B7 /* Post+CoreDataProperties.swift */,
				CC0877E4258283D200BA2B4D /* Trip+CoreDataClass.swift */,
				CC2B0DD9258282FD004B11C3 /* Trip+CoreDataProperties.swift */,
				CC77360E25757A7100BF0D14 /* Travelogue.xcdatamodeld */,
			);
			path = Models;
			sourceTree = "<group>";
		};
		CC7735F925757A7100BF0D14 = {
			isa = PBXGroup;
			children = (
				CC77360325757A7100BF0D14 /* Products */,
				CC77360425757A7100BF0D14 /* Travelogue */,
			);
			sourceTree = "<group>";
		};
		CC77360325757A7100BF0D14 /* Products */ = {
			isa = PBXGroup;
			children = (
				CC77360225757A7100BF0D14 /* Travelogue.app */,
			);
			name = Products;
			sourceTree = "<group>";
		};
		CC77360425757A7100BF0D14 /* Travelogue */ = {
			isa = PBXGroup;
			children = (
				CCACED2325827A9700F0FE9A /* Info.plist */,
				CCACED06258270FD00F0FE9A /* Views */,
				CC3D0BAB2581A0D40044828C /* Controllers */,
				CC3D0BB02581A11D0044828C /* Models */,
			);
			path = Travelogue;
			sourceTree = "<group>";
		};
		CCACED06258270FD00F0FE9A /* Views */ = {
			isa = PBXGroup;
			children = (
				CC77360525757A7100BF0D14 /* AppDelegate.swift */,
				CC77360725757A7100BF0D14 /* SceneDelegate.swift */,
				CC77361125757A7500BF0D14 /* Assets.xcassets */,
				CC77361325757A7500BF0D14 /* LaunchScreen.storyboard */,
				CC77360B25757A7100BF0D14 /* Main.storyboard */,
			);
			path = Views;
			sourceTree = "<group>";
		};
/* End PBXGroup section */

/* Begin PBXNativeTarget section */
		CC77360125757A7100BF0D14 /* Travelogue */ = {
			isa = PBXNativeTarget;
			buildConfigurationList = CC77361925757A7500BF0D14 /* Build configuration list for PBXNativeTarget "Travelogue" */;
			buildPhases = (
				CC7735FE25757A7100BF0D14 /* Sources */,
				CC7735FF25757A7100BF0D14 /* Frameworks */,
				CC77360025757A7100BF0D14 /* Resources */,
			);
			buildRules = (
			);
			dependencies = (
			);
			name = Travelogue;
			productName = Travelogue;
			productReference = CC77360225757A7100BF0D14 /* Travelogue.app */;
			productType = "com.apple.product-type.application";
		};
/* End PBXNativeTarget section */

/* Begin PBXProject section */
		CC7735FA25757A7100BF0D14 /* Project object */ = {
			isa = PBXProject;
			attributes = {
				LastSwiftUpdateCheck = 1220;
				LastUpgradeCheck = 1220;
				TargetAttributes = {
					CC77360125757A7100BF0D14 = {
						CreatedOnToolsVersion = 12.2;
					};
				};
			};
			buildConfigurationList = CC7735FD25757A7100BF0D14 /* Build configuration list for PBXProject "Travelogue" */;
			compatibilityVersion = "Xcode 9.3";
			developmentRegion = en;
			hasScannedForEncodings = 0;
			knownRegions = (
				en,
				Base,
			);
			mainGroup = CC7735F925757A7100BF0D14;
			productRefGroup = CC77360325757A7100BF0D14 /* Products */;
			projectDirPath = "";
			projectRoot = "";
			targets = (
				CC77360125757A7100BF0D14 /* Travelogue */,
			);
		};
/* End PBXProject section */

/* Begin PBXResourcesBuildPhase section */
		CC77360025757A7100BF0D14 /* Resources */ = {
			isa = PBXResourcesBuildPhase;
			buildActionMask = 2147483647;
			files = (
				CC77361525757A7500BF0D14 /* LaunchScreen.storyboard in Resources */,
				CC77361225757A7500BF0D14 /* Assets.xcassets in Resources */,
				CC77360D25757A7100BF0D14 /* Main.storyboard in Resources */,
			);
			runOnlyForDeploymentPostprocessing = 0;
		};
/* End PBXResourcesBuildPhase section */

/* Begin PBXSourcesBuildPhase section */
		CC7735FE25757A7100BF0D14 /* Sources */ = {
			isa = PBXSourcesBuildPhase;
			buildActionMask = 2147483647;
			files = (
				CC0877E5258283D200BA2B4D /* Trip+CoreDataClass.swift in Sources */,
				CC3D0BAD2581A1100044828C /* Trips.swift in Sources */,
				CCA1B750257F290E001DD1B7 /* Media+CoreDataClass.swift in Sources */,
				CC0877ED258290ED00BA2B4D /* NewPost.swift in Sources */,
				CCA1B753257F290E001DD1B7 /* Post+CoreDataProperties.swift in Sources */,
				CC77361025757A7100BF0D14 /* Travelogue.xcdatamodeld in Sources */,
				CCA1B752257F290E001DD1B7 /* Post+CoreDataClass.swift in Sources */,
				CCA1B751257F290E001DD1B7 /* Media+CoreDataProperties.swift in Sources */,
				CCA994D32583E8E000589569 /* PostsTable.swift in Sources */,
				CC0877EA258290D700BA2B4D /* Posts.swift in Sources */,
				CC3D0BB42581A4030044828C /* NewTrip.swift in Sources */,
				CC77360625757A7100BF0D14 /* AppDelegate.swift in Sources */,
				CC2B0DDA258282FD004B11C3 /* Trip+CoreDataProperties.swift in Sources */,
				CC94D9472584127E00DA0595 /* PostDetail.swift in Sources */,
				CC77360825757A7100BF0D14 /* SceneDelegate.swift in Sources */,
			);
			runOnlyForDeploymentPostprocessing = 0;
		};
/* End PBXSourcesBuildPhase section */

/* Begin PBXVariantGroup section */
		CC77360B25757A7100BF0D14 /* Main.storyboard */ = {
			isa = PBXVariantGroup;
			children = (
				CC77360C25757A7100BF0D14 /* Base */,
			);
			name = Main.storyboard;
			sourceTree = "<group>";
		};
		CC77361325757A7500BF0D14 /* LaunchScreen.storyboard */ = {
			isa = PBXVariantGroup;
			children = (
				CC77361425757A7500BF0D14 /* Base */,
			);
			name = LaunchScreen.storyboard;
			sourceTree = "<group>";
		};
/* End PBXVariantGroup section */

/* Begin XCBuildConfiguration section */
		CC77361725757A7500BF0D14 /* Debug */ = {
			isa = XCBuildConfiguration;
			buildSettings = {
				ALWAYS_SEARCH_USER_PATHS = NO;
				CLANG_ANALYZER_NONNULL = YES;
				CLANG_ANALYZER_NUMBER_OBJECT_CONVERSION = YES_AGGRESSIVE;
				CLANG_CXX_LANGUAGE_STANDARD = "gnu++14";
				CLANG_CXX_LIBRARY = "libc++";
				CLANG_ENABLE_MODULES = YES;
				CLANG_ENABLE_OBJC_ARC = YES;
				CLANG_ENABLE_OBJC_WEAK = YES;
				CLANG_WARN_BLOCK_CAPTURE_AUTORELEASING = YES;
				CLANG_WARN_BOOL_CONVERSION = YES;
				CLANG_WARN_COMMA = YES;
				CLANG_WARN_CONSTANT_CONVERSION = YES;
				CLANG_WARN_DEPRECATED_OBJC_IMPLEMENTATIONS = YES;
				CLANG_WARN_DIRECT_OBJC_ISA_USAGE = YES_ERROR;
				CLANG_WARN_DOCUMENTATION_COMMENTS = YES;
				CLANG_WARN_EMPTY_BODY = YES;
				CLANG_WARN_ENUM_CONVERSION = YES;
				CLANG_WARN_INFINITE_RECURSION = YES;
				CLANG_WARN_INT_CONVERSION = YES;
				CLANG_WARN_NON_LITERAL_NULL_CONVERSION = YES;
				CLANG_WARN_OBJC_IMPLICIT_RETAIN_SELF = YES;
				CLANG_WARN_OBJC_LITERAL_CONVERSION = YES;
				CLANG_WARN_OBJC_ROOT_CLASS = YES_ERROR;
				CLANG_WARN_QUOTED_INCLUDE_IN_FRAMEWORK_HEADER = YES;
				CLANG_WARN_RANGE_LOOP_ANALYSIS = YES;
				CLANG_WARN_STRICT_PROTOTYPES = YES;
				CLANG_WARN_SUSPICIOUS_MOVE = YES;
				CLANG_WARN_UNGUARDED_AVAILABILITY = YES_AGGRESSIVE;
				CLANG_WARN_UNREACHABLE_CODE = YES;
				CLANG_WARN__DUPLICATE_METHOD_MATCH = YES;
				COPY_PHASE_STRIP = NO;
				DEBUG_INFORMATION_FORMAT = dwarf;
				ENABLE_STRICT_OBJC_MSGSEND = YES;
				ENABLE_TESTABILITY = YES;
				GCC_C_LANGUAGE_STANDARD = gnu11;
				GCC_DYNAMIC_NO_PIC = NO;
				GCC_NO_COMMON_BLOCKS = YES;
				GCC_OPTIMIZATION_LEVEL = 0;
				GCC_PREPROCESSOR_DEFINITIONS = (
					"DEBUG=1",
					"$(inherited)",
				);
				GCC_WARN_64_TO_32_BIT_CONVERSION = YES;
				GCC_WARN_ABOUT_RETURN_TYPE = YES_ERROR;
				GCC_WARN_UNDECLARED_SELECTOR = YES;
				GCC_WARN_UNINITIALIZED_AUTOS = YES_AGGRESSIVE;
				GCC_WARN_UNUSED_FUNCTION = YES;
				GCC_WARN_UNUSED_VARIABLE = YES;
				IPHONEOS_DEPLOYMENT_TARGET = 14.2;
				MTL_ENABLE_DEBUG_INFO = INCLUDE_SOURCE;
				MTL_FAST_MATH = YES;
				ONLY_ACTIVE_ARCH = YES;
				SDKROOT = iphoneos;
				SWIFT_ACTIVE_COMPILATION_CONDITIONS = DEBUG;
				SWIFT_OPTIMIZATION_LEVEL = "-Onone";
			};
			name = Debug;
		};
		CC77361825757A7500BF0D14 /* Release */ = {
			isa = XCBuildConfiguration;
			buildSettings = {
				ALWAYS_SEARCH_USER_PATHS = NO;
				CLANG_ANALYZER_NONNULL = YES;
				CLANG_ANALYZER_NUMBER_OBJECT_CONVERSION = YES_AGGRESSIVE;
				CLANG_CXX_LANGUAGE_STANDARD = "gnu++14";
				CLANG_CXX_LIBRARY = "libc++";
				CLANG_ENABLE_MODULES = YES;
				CLANG_ENABLE_OBJC_ARC = YES;
				CLANG_ENABLE_OBJC_WEAK = YES;
				CLANG_WARN_BLOCK_CAPTURE_AUTORELEASING = YES;
				CLANG_WARN_BOOL_CONVERSION = YES;
				CLANG_WARN_COMMA = YES;
				CLANG_WARN_CONSTANT_CONVERSION = YES;
				CLANG_WARN_DEPRECATED_OBJC_IMPLEMENTATIONS = YES;
				CLANG_WARN_DIRECT_OBJC_ISA_USAGE = YES_ERROR;
				CLANG_WARN_DOCUMENTATION_COMMENTS = YES;
				CLANG_WARN_EMPTY_BODY = YES;
				CLANG_WARN_ENUM_CONVERSION = YES;
				CLANG_WARN_INFINITE_RECURSION = YES;
				CLANG_WARN_INT_CONVERSION = YES;
				CLANG_WARN_NON_LITERAL_NULL_CONVERSION = YES;
				CLANG_WARN_OBJC_IMPLICIT_RETAIN_SELF = YES;
				CLANG_WARN_OBJC_LITERAL_CONVERSION = YES;
				CLANG_WARN_OBJC_ROOT_CLASS = YES_ERROR;
				CLANG_WARN_QUOTED_INCLUDE_IN_FRAMEWORK_HEADER = YES;
				CLANG_WARN_RANGE_LOOP_ANALYSIS = YES;
				CLANG_WARN_STRICT_PROTOTYPES = YES;
				CLANG_WARN_SUSPICIOUS_MOVE = YES;
				CLANG_WARN_UNGUARDED_AVAILABILITY = YES_AGGRESSIVE;
				CLANG_WARN_UNREACHABLE_CODE = YES;
				CLANG_WARN__DUPLICATE_METHOD_MATCH = YES;
				COPY_PHASE_STRIP = NO;
				DEBUG_INFORMATION_FORMAT = "dwarf-with-dsym";
				ENABLE_NS_ASSERTIONS = NO;
				ENABLE_STRICT_OBJC_MSGSEND = YES;
				GCC_C_LANGUAGE_STANDARD = gnu11;
				GCC_NO_COMMON_BLOCKS = YES;
				GCC_WARN_64_TO_32_BIT_CONVERSION = YES;
				GCC_WARN_ABOUT_RETURN_TYPE = YES_ERROR;
				GCC_WARN_UNDECLARED_SELECTOR = YES;
				GCC_WARN_UNINITIALIZED_AUTOS = YES_AGGRESSIVE;
				GCC_WARN_UNUSED_FUNCTION = YES;
				GCC_WARN_UNUSED_VARIABLE = YES;
				IPHONEOS_DEPLOYMENT_TARGET = 14.2;
				MTL_ENABLE_DEBUG_INFO = NO;
				MTL_FAST_MATH = YES;
				SDKROOT = iphoneos;
				SWIFT_COMPILATION_MODE = wholemodule;
				SWIFT_OPTIMIZATION_LEVEL = "-O";
				VALIDATE_PRODUCT = YES;
			};
			name = Release;
		};
		CC77361A25757A7500BF0D14 /* Debug */ = {
			isa = XCBuildConfiguration;
			buildSettings = {
				ASSETCATALOG_COMPILER_APPICON_NAME = AppIcon;
				ASSETCATALOG_COMPILER_GLOBAL_ACCENT_COLOR_NAME = AccentColor;
				CODE_SIGN_STYLE = Automatic;
				DEVELOPMENT_TEAM = 2KXH2JPUZ6;
				INFOPLIST_FILE = Travelogue/Info.plist;
				LD_RUNPATH_SEARCH_PATHS = (
					"$(inherited)",
					"@executable_path/Frameworks",
				);
				PRODUCT_BUNDLE_IDENTIFIER = com.averywald.Travelogue;
				PRODUCT_NAME = "$(TARGET_NAME)";
				SWIFT_VERSION = 5.0;
				TARGETED_DEVICE_FAMILY = "1,2";
			};
			name = Debug;
		};
		CC77361B25757A7500BF0D14 /* Release */ = {
			isa = XCBuildConfiguration;
			buildSettings = {
				ASSETCATALOG_COMPILER_APPICON_NAME = AppIcon;
				ASSETCATALOG_COMPILER_GLOBAL_ACCENT_COLOR_NAME = AccentColor;
				CODE_SIGN_STYLE = Automatic;
				DEVELOPMENT_TEAM = 2KXH2JPUZ6;
				INFOPLIST_FILE = Travelogue/Info.plist;
				LD_RUNPATH_SEARCH_PATHS = (
					"$(inherited)",
					"@executable_path/Frameworks",
				);
				PRODUCT_BUNDLE_IDENTIFIER = com.averywald.Travelogue;
				PRODUCT_NAME = "$(TARGET_NAME)";
				SWIFT_VERSION = 5.0;
				TARGETED_DEVICE_FAMILY = "1,2";
			};
			name = Release;
		};
/* End XCBuildConfiguration section */

/* Begin XCConfigurationList section */
		CC7735FD25757A7100BF0D14 /* Build configuration list for PBXProject "Travelogue" */ = {
			isa = XCConfigurationList;
			buildConfigurations = (
				CC77361725757A7500BF0D14 /* Debug */,
				CC77361825757A7500BF0D14 /* Release */,
			);
			defaultConfigurationIsVisible = 0;
			defaultConfigurationName = Release;
		};
		CC77361925757A7500BF0D14 /* Build configuration list for PBXNativeTarget "Travelogue" */ = {
			isa = XCConfigurationList;
			buildConfigurations = (
				CC77361A25757A7500BF0D14 /* Debug */,
				CC77361B25757A7500BF0D14 /* Release */,
			);
			defaultConfigurationIsVisible = 0;
			defaultConfigurationName = Release;
		};
/* End XCConfigurationList section */

/* Begin XCVersionGroup section */
		CC77360E25757A7100BF0D14 /* Travelogue.xcdatamodeld */ = {
			isa = XCVersionGroup;
			children = (
				CC77360F25757A7100BF0D14 /* Travelogue.xcdatamodel */,
			);
			currentVersion = CC77360F25757A7100BF0D14 /* Travelogue.xcdatamodel */;
			path = Travelogue.xcdatamodeld;
			sourceTree = "<group>";
			versionGroupType = wrapper.xcdatamodel;
		};
/* End XCVersionGroup section */
	};
	rootObject = CC7735FA25757A7100BF0D14 /* Project object */;
}
